
Microsoft Visual Studio Solution File, Format Version 12.00
# Visual Studio Version 17
VisualStudioVersion = 17.0.32014.148
MinimumVisualStudioVersion = 10.0.40219.1
Project("{9A19103F-16F7-4668-BE54-9A1E7A4F7556}") = "MyBikesFactory.Business", "MyBikesFactory.Business\MyBikesFactory.Business.csproj", "{49D48511-7AB8-41C3-A6DA-4329C8AB3672}"
EndProject
Project("{9A19103F-16F7-4668-BE54-9A1E7A4F7556}") = "MyBikesFactory.Data", "MyBikesFactory.Data\MyBikesFactory.Data.csproj", "{BC36D451-B0B4-4C96-A1DC-D6D7A9AE7690}"
EndProject
Project("{FAE04EC0-301F-11D3-BF4B-00C04F79EFBC}") = "MyBikesFactory.UI", "MyBikesFactory.UI\MyBikesFactory.UI.csproj", "{55B10626-5D87-42F3-AB08-7AF62180908F}"
EndProject
Global
	GlobalSection(SolutionConfigurationPlatforms) = preSolution
		Debug|Any CPU = Debug|Any CPU
		Release|Any CPU = Release|Any CPU
	EndGlobalSection
	GlobalSection(ProjectConfigurationPlatforms) = postSolution
		{49D48511-7AB8-41C3-A6DA-4329C8AB3672}.Debug|Any CPU.ActiveCfg = Debug|Any CPU
		{49D48511-7AB8-41C3-A6DA-4329C8AB3672}.Debug|Any CPU.Build.0 = Debug|Any CPU
		{49D48511-7AB8-41C3-A6DA-4329C8AB3672}.Release|Any CPU.ActiveCfg = Release|Any CPU
		{49D48511-7AB8-41C3-A6DA-4329C8AB3672}.Release|Any CPU.Build.0 = Release|Any CPU
		{BC36D451-B0B4-4C96-A1DC-D6D7A9AE7690}.Debug|Any CPU.ActiveCfg = Debug|Any CPU
		{BC36D451-B0B4-4C96-A1DC-D6D7A9AE7690}.Debug|Any CPU.Build.0 = Debug|Any CPU
		{BC36D451-B0B4-4C96-A1DC-D6D7A9AE7690}.Release|Any CPU.ActiveCfg = Release|Any CPU
		{BC36D451-B0B4-4C96-A1DC-D6D7A9AE7690}.Release|Any CPU.Build.0 = Release|Any CPU
		{55B10626-5D87-42F3-AB08-7AF62180908F}.Debug|Any CPU.ActiveCfg = Debug|Any CPU
		{55B10626-5D87-42F3-AB08-7AF62180908F}.Debug|Any CPU.Build.0 = Debug|Any CPU
		{55B10626-5D87-42F3-AB08-7AF62180908F}.Release|Any CPU.ActiveCfg = Release|Any CPU
		{55B10626-5D87-42F3-AB08-7AF62180908F}.Release|Any CPU.Build.0 = Release|Any CPU
	EndGlobalSection
	GlobalSection(SolutionProperties) = preSolution
		HideSolutionNode = FALSE
	EndGlobalSection
	GlobalSection(ExtensibilityGlobals) = postSolution
		SolutionGuid = {926F3CD0-6E92-403E-9A9E-CE5EE5E1CAE8}
	EndGlobalSection
EndGlobal
